
Microsoft Visual Studio Solution File, Format Version 12.00
# Visual Studio 2017
Project("{FAE04EC0-301F-11D3-BF4B-00C04F79EFBC}") = "Angry Dash", "Angry Dash.csproj", "{34E66077-136C-E88F-166B-8CFF6854C3C3}"
EndProject
Project("{FAE04EC0-301F-11D3-BF4B-00C04F79EFBC}") = "Angry Dash.Plugins", "Angry Dash.Plugins.csproj", "{F19D63BD-EC61-626D-03E7-EB2A879A5A9F}"
EndProject
Project("{FAE04EC0-301F-11D3-BF4B-00C04F79EFBC}") = "Angry Dash.Editor.Plugins", "Angry Dash.Editor.Plugins.csproj", "{32FA0BF8-1821-9A18-F8D8-AE2AD531432D}"
EndProject
Project("{FAE04EC0-301F-11D3-BF4B-00C04F79EFBC}") = "Angry Dash.Editor", "Angry Dash.Editor.csproj", "{AF746791-09B2-FE9E-FFE2-40D22F1E6BD4}"
EndProject
Global
	GlobalSection(SolutionConfigurationPlatforms) = preSolution
		Debug|Any CPU = Debug|Any CPU
		Release|Any CPU = Release|Any CPU
	EndGlobalSection
	GlobalSection(ProjectConfigurationPlatforms) = postSolution
		{34E66077-136C-E88F-166B-8CFF6854C3C3}.Debug|Any CPU.ActiveCfg = Debug|Any CPU
		{34E66077-136C-E88F-166B-8CFF6854C3C3}.Debug|Any CPU.Build.0 = Debug|Any CPU
		{34E66077-136C-E88F-166B-8CFF6854C3C3}.Release|Any CPU.ActiveCfg = Release|Any CPU
		{34E66077-136C-E88F-166B-8CFF6854C3C3}.Release|Any CPU.Build.0 = Release|Any CPU
		{F19D63BD-EC61-626D-03E7-EB2A879A5A9F}.Debug|Any CPU.ActiveCfg = Debug|Any CPU
		{F19D63BD-EC61-626D-03E7-EB2A879A5A9F}.Debug|Any CPU.Build.0 = Debug|Any CPU
		{F19D63BD-EC61-626D-03E7-EB2A879A5A9F}.Release|Any CPU.ActiveCfg = Release|Any CPU
		{F19D63BD-EC61-626D-03E7-EB2A879A5A9F}.Release|Any CPU.Build.0 = Release|Any CPU
		{32FA0BF8-1821-9A18-F8D8-AE2AD531432D}.Debug|Any CPU.ActiveCfg = Debug|Any CPU
		{32FA0BF8-1821-9A18-F8D8-AE2AD531432D}.Debug|Any CPU.Build.0 = Debug|Any CPU
		{32FA0BF8-1821-9A18-F8D8-AE2AD531432D}.Release|Any CPU.ActiveCfg = Release|Any CPU
		{32FA0BF8-1821-9A18-F8D8-AE2AD531432D}.Release|Any CPU.Build.0 = Release|Any CPU
		{AF746791-09B2-FE9E-FFE2-40D22F1E6BD4}.Debug|Any CPU.ActiveCfg = Debug|Any CPU
		{AF746791-09B2-FE9E-FFE2-40D22F1E6BD4}.Debug|Any CPU.Build.0 = Debug|Any CPU
		{AF746791-09B2-FE9E-FFE2-40D22F1E6BD4}.Release|Any CPU.ActiveCfg = Release|Any CPU
		{AF746791-09B2-FE9E-FFE2-40D22F1E6BD4}.Release|Any CPU.Build.0 = Release|Any CPU
	EndGlobalSection
	GlobalSection(SolutionProperties) = preSolution
		HideSolutionNode = FALSE
	EndGlobalSection
EndGlobal
